
Microsoft Visual Studio Solution File, Format Version 12.00
# Visual Studio Version 17
VisualStudioVersion = 17.9.34728.123
MinimumVisualStudioVersion = 10.0.40219.1
Project("{9A19103F-16F7-4668-BE54-9A1E7A4F7556}") = "CRM.Gateway.Api", "CRM.Gateway.Api\CRM.Gateway.Api.csproj", "{3AB64C09-6FBC-4F53-A827-3F042D0DF7A5}"
EndProject
Project("{2150E333-8FDC-42A3-9474-1A3956D46DE8}") = "CRM.Common", "CRM.Common", "{3A3DD18B-8EE9-4087-B188-B157BA5A46C7}"
EndProject
Project("{FAE04EC0-301F-11D3-BF4B-00C04F79EFBC}") = "CRM.Common.Core", "CRM.Common.Core\CRM.Common.Core.csproj", "{72B5E2AE-7FCA-41CF-A4D0-F973C387BDB8}"
EndProject
Project("{FAE04EC0-301F-11D3-BF4B-00C04F79EFBC}") = "CRM.Common.Models", "CRM.Common.Models\CRM.Common.Models.csproj", "{917A5608-1F1D-4809-AA46-31CCA1539D9D}"
EndProject
Project("{FAE04EC0-301F-11D3-BF4B-00C04F79EFBC}") = "CRM.Customer.Api", "CRM.Customer.Api\CRM.Customer.Api.csproj", "{30DDAA9F-0DB1-4547-9674-148C202A8A0B}"
EndProject
Global
	GlobalSection(SolutionConfigurationPlatforms) = preSolution
		Debug|Any CPU = Debug|Any CPU
		Release|Any CPU = Release|Any CPU
	EndGlobalSection
	GlobalSection(ProjectConfigurationPlatforms) = postSolution
		{3AB64C09-6FBC-4F53-A827-3F042D0DF7A5}.Debug|Any CPU.ActiveCfg = Debug|Any CPU
		{3AB64C09-6FBC-4F53-A827-3F042D0DF7A5}.Debug|Any CPU.Build.0 = Debug|Any CPU
		{3AB64C09-6FBC-4F53-A827-3F042D0DF7A5}.Release|Any CPU.ActiveCfg = Release|Any CPU
		{3AB64C09-6FBC-4F53-A827-3F042D0DF7A5}.Release|Any CPU.Build.0 = Release|Any CPU
		{72B5E2AE-7FCA-41CF-A4D0-F973C387BDB8}.Debug|Any CPU.ActiveCfg = Debug|Any CPU
		{72B5E2AE-7FCA-41CF-A4D0-F973C387BDB8}.Debug|Any CPU.Build.0 = Debug|Any CPU
		{72B5E2AE-7FCA-41CF-A4D0-F973C387BDB8}.Release|Any CPU.ActiveCfg = Release|Any CPU
		{72B5E2AE-7FCA-41CF-A4D0-F973C387BDB8}.Release|Any CPU.Build.0 = Release|Any CPU
		{917A5608-1F1D-4809-AA46-31CCA1539D9D}.Debug|Any CPU.ActiveCfg = Debug|Any CPU
		{917A5608-1F1D-4809-AA46-31CCA1539D9D}.Debug|Any CPU.Build.0 = Debug|Any CPU
		{917A5608-1F1D-4809-AA46-31CCA1539D9D}.Release|Any CPU.ActiveCfg = Release|Any CPU
		{917A5608-1F1D-4809-AA46-31CCA1539D9D}.Release|Any CPU.Build.0 = Release|Any CPU
		{30DDAA9F-0DB1-4547-9674-148C202A8A0B}.Debug|Any CPU.ActiveCfg = Debug|Any CPU
		{30DDAA9F-0DB1-4547-9674-148C202A8A0B}.Debug|Any CPU.Build.0 = Debug|Any CPU
		{30DDAA9F-0DB1-4547-9674-148C202A8A0B}.Release|Any CPU.ActiveCfg = Release|Any CPU
		{30DDAA9F-0DB1-4547-9674-148C202A8A0B}.Release|Any CPU.Build.0 = Release|Any CPU
	EndGlobalSection
	GlobalSection(SolutionProperties) = preSolution
		HideSolutionNode = FALSE
	EndGlobalSection
	GlobalSection(NestedProjects) = preSolution
		{72B5E2AE-7FCA-41CF-A4D0-F973C387BDB8} = {3A3DD18B-8EE9-4087-B188-B157BA5A46C7}
		{917A5608-1F1D-4809-AA46-31CCA1539D9D} = {3A3DD18B-8EE9-4087-B188-B157BA5A46C7}
	EndGlobalSection
	GlobalSection(ExtensibilityGlobals) = postSolution
		SolutionGuid = {2815ACC6-F4CD-405F-A80D-F26BED8E6AD0}
	EndGlobalSection
EndGlobal
